lockVersion: 2.0.0
id: 35bdeffa-af3f-4704-85cf-c9806b956990
management:
  docChecksum: 59067621881faf553cf6bb2272133e9e
  docVersion: 2.0.0
  speakeasyVersion: internal
  generationVersion: 2.237.3
  releaseVersion: 2.0.8
  configChecksum: 5859d2d44460a22f5b9fe8e77507df35
  repoURL: https://github.com/speakeasy-sdks/openai-python-sdk.git
  repoSubDirectory: .
  installationURL: https://github.com/speakeasy-sdks/openai-python-sdk.git
  published: true
features:
  python:
    constsAndDefaults: 0.1.2
    core: 4.4.2
    deprecations: 2.81.1
    downloadStreams: 0.0.2
    flattening: 2.81.1
    globalSecurity: 2.83.2
    globalServerURLs: 2.82.1
    unions: 2.82.5
generatedFiles:
  - src/gpt/sdkconfiguration.py
  - src/gpt/assistants.py
  - src/gpt/audio.py
  - src/gpt/chat.py
  - src/gpt/completions.py
  - src/gpt/embeddings.py
  - src/gpt/files.py
  - src/gpt/fine_tuning.py
  - src/gpt/images.py
  - src/gpt/models_.py
  - src/gpt/moderations.py
  - src/gpt/sdk.py
  - pylintrc
  - setup.py
  - src/gpt/__init__.py
  - src/gpt/utils/__init__.py
  - src/gpt/utils/retries.py
  - src/gpt/utils/utils.py
  - src/gpt/models/errors/sdkerror.py
  - tests/helpers.py
  - src/gpt/models/operations/cancelrun.py
  - src/gpt/models/operations/createassistant.py
  - src/gpt/models/operations/createassistantfile.py
  - src/gpt/models/operations/createmessage.py
  - src/gpt/models/operations/createrun.py
  - src/gpt/models/operations/createthread.py
  - src/gpt/models/operations/createthreadandrun.py
  - src/gpt/models/operations/deleteassistant.py
  - src/gpt/models/operations/deleteassistantfile.py
  - src/gpt/models/operations/deletethread.py
  - src/gpt/models/operations/getassistant.py
  - src/gpt/models/operations/getassistantfile.py
  - src/gpt/models/operations/getmessage.py
  - src/gpt/models/operations/getmessagefile.py
  - src/gpt/models/operations/getrun.py
  - src/gpt/models/operations/getrunstep.py
  - src/gpt/models/operations/getthread.py
  - src/gpt/models/operations/listassistantfiles.py
  - src/gpt/models/operations/listassistants.py
  - src/gpt/models/operations/listmessagefiles.py
  - src/gpt/models/operations/listmessages.py
  - src/gpt/models/operations/listrunsteps.py
  - src/gpt/models/operations/listruns.py
  - src/gpt/models/operations/modifyassistant.py
  - src/gpt/models/operations/modifymessage.py
  - src/gpt/models/operations/modifyrun.py
  - src/gpt/models/operations/modifythread.py
  - src/gpt/models/operations/submittoolouputstorun.py
  - src/gpt/models/operations/createspeech.py
  - src/gpt/models/operations/createtranscription.py
  - src/gpt/models/operations/createtranslation.py
  - src/gpt/models/operations/createchatcompletion.py
  - src/gpt/models/operations/createcompletion.py
  - src/gpt/models/operations/createembedding.py
  - src/gpt/models/operations/createfile.py
  - src/gpt/models/operations/deletefile.py
  - src/gpt/models/operations/downloadfile.py
  - src/gpt/models/operations/listfiles.py
  - src/gpt/models/operations/retrievefile.py
  - src/gpt/models/operations/cancelfinetuningjob.py
  - src/gpt/models/operations/createfinetuningjob.py
  - src/gpt/models/operations/listfinetuningevents.py
  - src/gpt/models/operations/listpaginatedfinetuningjobs.py
  - src/gpt/models/operations/retrievefinetuningjob.py
  - src/gpt/models/operations/createimage.py
  - src/gpt/models/operations/createimageedit.py
  - src/gpt/models/operations/createimagevariation.py
  - src/gpt/models/operations/deletemodel.py
  - src/gpt/models/operations/listmodels.py
  - src/gpt/models/operations/retrievemodel.py
  - src/gpt/models/operations/createmoderation.py
  - src/gpt/models/components/runobject.py
  - src/gpt/models/components/runcompletionusage.py
  - src/gpt/models/components/assistanttoolscode.py
  - src/gpt/models/components/assistanttoolsretrieval.py
  - src/gpt/models/components/assistanttoolsfunction.py
  - src/gpt/models/components/functionobject.py
  - src/gpt/models/components/runtoolcallobject.py
  - src/gpt/models/components/assistantobject.py
  - src/gpt/models/components/createassistantrequest.py
  - src/gpt/models/components/assistantfileobject.py
  - src/gpt/models/components/createassistantfilerequest.py
  - src/gpt/models/components/messageobject.py
  - src/gpt/models/components/messagecontentimagefileobject.py
  - src/gpt/models/components/messagecontenttextobject.py
  - src/gpt/models/components/messagecontenttextannotationsfilecitationobject.py
  - src/gpt/models/components/messagecontenttextannotationsfilepathobject.py
  - src/gpt/models/components/createmessagerequest.py
  - src/gpt/models/components/createrunrequest.py
  - src/gpt/models/components/threadobject.py
  - src/gpt/models/components/createthreadrequest.py
  - src/gpt/models/components/createthreadandrunrequest.py
  - src/gpt/models/components/deleteassistantresponse.py
  - src/gpt/models/components/deleteassistantfileresponse.py
  - src/gpt/models/components/deletethreadresponse.py
  - src/gpt/models/components/messagefileobject.py
  - src/gpt/models/components/runstepobject.py
  - src/gpt/models/components/runstepcompletionusage.py
  - src/gpt/models/components/runstepdetailsmessagecreationobject.py
  - src/gpt/models/components/runstepdetailstoolcallsobject.py
  - src/gpt/models/components/runstepdetailstoolcallscodeobject.py
  - src/gpt/models/components/runstepdetailstoolcallscodeoutputlogsobject.py
  - src/gpt/models/components/runstepdetailstoolcallscodeoutputimageobject.py
  - src/gpt/models/components/runstepdetailstoolcallsretrievalobject.py
  - src/gpt/models/components/runstepdetailstoolcallsfunctionobject.py
  - src/gpt/models/components/listassistantfilesresponse.py
  - src/gpt/models/components/listassistantsresponse.py
  - src/gpt/models/components/listmessagefilesresponse.py
  - src/gpt/models/components/listmessagesresponse.py
  - src/gpt/models/components/listrunstepsresponse.py
  - src/gpt/models/components/listrunsresponse.py
  - src/gpt/models/components/modifyassistantrequest.py
  - src/gpt/models/components/modifymessagerequest.py
  - src/gpt/models/components/modifyrunrequest.py
  - src/gpt/models/components/modifythreadrequest.py
  - src/gpt/models/components/submittooloutputsrunrequest.py
  - src/gpt/models/components/createspeechrequest.py
  - src/gpt/models/components/createtranscriptionresponse.py
  - src/gpt/models/components/createtranscriptionrequest.py
  - src/gpt/models/components/createtranslationresponse.py
  - src/gpt/models/components/createtranslationrequest.py
  - src/gpt/models/components/createchatcompletionresponse.py
  - src/gpt/models/components/completionusage.py
  - src/gpt/models/components/chatcompletionresponsemessage.py
  - src/gpt/models/components/chatcompletionmessagetoolcall.py
  - src/gpt/models/components/chatcompletiontokenlogprob.py
  - src/gpt/models/components/createchatcompletionrequest.py
  - src/gpt/models/components/chatcompletiontool.py
  - src/gpt/models/components/chatcompletiontoolchoiceoption.py
  - src/gpt/models/components/chatcompletionnamedtoolchoice.py
  - src/gpt/models/components/chatcompletionrequestsystemmessage.py
  - src/gpt/models/components/chatcompletionrequestusermessage.py
  - src/gpt/models/components/chatcompletionrequestmessagecontentparttext.py
  - src/gpt/models/components/chatcompletionrequestmessagecontentpartimage.py
  - src/gpt/models/components/chatcompletionrequestassistantmessage.py
  - src/gpt/models/components/chatcompletionrequesttoolmessage.py
  - src/gpt/models/components/chatcompletionrequestfunctionmessage.py
  - src/gpt/models/components/chatcompletionfunctions.py
  - src/gpt/models/components/chatcompletionfunctioncalloption.py
  - src/gpt/models/components/createcompletionresponse.py
  - src/gpt/models/components/createcompletionrequest.py
  - src/gpt/models/components/createembeddingresponse.py
  - src/gpt/models/components/embedding.py
  - src/gpt/models/components/createembeddingrequest.py
  - src/gpt/models/components/openaifile.py
  - src/gpt/models/components/createfilerequest.py
  - src/gpt/models/components/deletefileresponse.py
  - src/gpt/models/components/listfilesresponse.py
  - src/gpt/models/components/finetuningjob.py
  - src/gpt/models/components/createfinetuningjobrequest.py
  - src/gpt/models/components/listfinetuningjobeventsresponse.py
  - src/gpt/models/components/finetuningjobevent.py
  - src/gpt/models/components/listpaginatedfinetuningjobsresponse.py
  - src/gpt/models/components/imagesresponse.py
  - src/gpt/models/components/image.py
  - src/gpt/models/components/createimagerequest.py
  - src/gpt/models/components/createimageeditrequest.py
  - src/gpt/models/components/createimagevariationrequest.py
  - src/gpt/models/components/deletemodelresponse.py
  - src/gpt/models/components/listmodelsresponse.py
  - src/gpt/models/components/model.py
  - src/gpt/models/components/createmoderationresponse.py
  - src/gpt/models/components/createmoderationrequest.py
  - src/gpt/models/components/security.py
  - src/gpt/models/__init__.py
  - src/gpt/models/errors/__init__.py
  - src/gpt/models/operations/__init__.py
  - src/gpt/models/components/__init__.py
  - docs/models/operations/cancelrunrequest.md
  - docs/models/operations/cancelrunresponse.md
  - docs/models/operations/createassistantresponse.md
  - docs/models/operations/createassistantfilerequest.md
  - docs/models/operations/createassistantfileresponse.md
  - docs/models/operations/createmessagerequest.md
  - docs/models/operations/createmessageresponse.md
  - docs/models/operations/createrunrequest.md
  - docs/models/operations/createrunresponse.md
  - docs/models/operations/createthreadresponse.md
  - docs/models/operations/createthreadandrunresponse.md
  - docs/models/operations/deleteassistantrequest.md
  - docs/models/operations/deleteassistantresponse.md
  - docs/models/operations/deleteassistantfilerequest.md
  - docs/models/operations/deleteassistantfileresponse.md
  - docs/models/operations/deletethreadrequest.md
  - docs/models/operations/deletethreadresponse.md
  - docs/models/operations/getassistantrequest.md
  - docs/models/operations/getassistantresponse.md
  - docs/models/operations/getassistantfilerequest.md
  - docs/models/operations/getassistantfileresponse.md
  - docs/models/operations/getmessagerequest.md
  - docs/models/operations/getmessageresponse.md
  - docs/models/operations/getmessagefilerequest.md
  - docs/models/operations/getmessagefileresponse.md
  - docs/models/operations/getrunrequest.md
  - docs/models/operations/getrunresponse.md
  - docs/models/operations/getrunsteprequest.md
  - docs/models/operations/getrunstepresponse.md
  - docs/models/operations/getthreadrequest.md
  - docs/models/operations/getthreadresponse.md
  - docs/models/operations/order.md
  - docs/models/operations/listassistantfilesrequest.md
  - docs/models/operations/listassistantfilesresponse.md
  - docs/models/operations/queryparamorder.md
  - docs/models/operations/listassistantsrequest.md
  - docs/models/operations/listassistantsresponse.md
  - docs/models/operations/listmessagefilesqueryparamorder.md
  - docs/models/operations/listmessagefilesrequest.md
  - docs/models/operations/listmessagefilesresponse.md
  - docs/models/operations/listmessagesqueryparamorder.md
  - docs/models/operations/listmessagesrequest.md
  - docs/models/operations/listmessagesresponse.md
  - docs/models/operations/listrunstepsqueryparamorder.md
  - docs/models/operations/listrunstepsrequest.md
  - docs/models/operations/listrunstepsresponse.md
  - docs/models/operations/listrunsqueryparamorder.md
  - docs/models/operations/listrunsrequest.md
  - docs/models/operations/listrunsresponse.md
  - docs/models/operations/modifyassistantrequest.md
  - docs/models/operations/modifyassistantresponse.md
  - docs/models/operations/modifymessagerequest.md
  - docs/models/operations/modifymessageresponse.md
  - docs/models/operations/modifyrunrequest.md
  - docs/models/operations/modifyrunresponse.md
  - docs/models/operations/modifythreadrequest.md
  - docs/models/operations/modifythreadresponse.md
  - docs/models/operations/submittoolouputstorunrequest.md
  - docs/models/operations/submittoolouputstorunresponse.md
  - docs/models/operations/createspeechresponse.md
  - docs/models/operations/createtranscriptionresponse.md
  - docs/models/operations/createtranslationresponse.md
  - docs/models/operations/createchatcompletionresponse.md
  - docs/models/operations/createcompletionresponse.md
  - docs/models/operations/createembeddingresponse.md
  - docs/models/operations/createfileresponse.md
  - docs/models/operations/deletefilerequest.md
  - docs/models/operations/deletefileresponse.md
  - docs/models/operations/downloadfilerequest.md
  - docs/models/operations/downloadfileresponse.md
  - docs/models/operations/listfilesrequest.md
  - docs/models/operations/listfilesresponse.md
  - docs/models/operations/retrievefilerequest.md
  - docs/models/operations/retrievefileresponse.md
  - docs/models/operations/cancelfinetuningjobrequest.md
  - docs/models/operations/cancelfinetuningjobresponse.md
  - docs/models/operations/createfinetuningjobresponse.md
  - docs/models/operations/listfinetuningeventsrequest.md
  - docs/models/operations/listfinetuningeventsresponse.md
  - docs/models/operations/listpaginatedfinetuningjobsrequest.md
  - docs/models/operations/listpaginatedfinetuningjobsresponse.md
  - docs/models/operations/retrievefinetuningjobrequest.md
  - docs/models/operations/retrievefinetuningjobresponse.md
  - docs/models/operations/createimageresponse.md
  - docs/models/operations/createimageeditresponse.md
  - docs/models/operations/createimagevariationresponse.md
  - docs/models/operations/deletemodelrequest.md
  - docs/models/operations/deletemodelresponse.md
  - docs/models/operations/listmodelsresponse.md
  - docs/models/operations/retrievemodelrequest.md
  - docs/models/operations/retrievemodelresponse.md
  - docs/models/operations/createmoderationresponse.md
  - docs/models/components/code.md
  - docs/models/components/lasterror.md
  - docs/models/components/runobjectmetadata.md
  - docs/models/components/runobjectobject.md
  - docs/models/components/submittooloutputs.md
  - docs/models/components/runobjecttype.md
  - docs/models/components/requiredaction.md
  - docs/models/components/runobjectstatus.md
  - docs/models/components/runobjecttools.md
  - docs/models/components/runobject.md
  - docs/models/components/runcompletionusage.md
  - docs/models/components/type.md
  - docs/models/components/assistanttoolscode.md
  - docs/models/components/assistanttoolsretrievaltype.md
  - docs/models/components/assistanttoolsretrieval.md
  - docs/models/components/assistanttoolsfunctiontype.md
  - docs/models/components/assistanttoolsfunction.md
  - docs/models/components/functionobject.md
  - docs/models/components/runtoolcallobjectfunction.md
  - docs/models/components/runtoolcallobjecttype.md
  - docs/models/components/runtoolcallobject.md
  - docs/models/components/metadata.md
  - docs/models/components/assistantobjectobject.md
  - docs/models/components/tools.md
  - docs/models/components/assistantobject.md
  - docs/models/components/createassistantrequestmetadata.md
  - docs/models/components/createassistantrequesttools.md
  - docs/models/components/createassistantrequest.md
  - docs/models/components/object.md
  - docs/models/components/assistantfileobject.md
  - docs/models/components/createassistantfilerequest.md
  - docs/models/components/messageobjectcontent.md
  - docs/models/components/messageobjectmetadata.md
  - docs/models/components/messageobjectobject.md
  - docs/models/components/messageobjectrole.md
  - docs/models/components/messageobject.md
  - docs/models/components/imagefile.md
  - docs/models/components/messagecontentimagefileobjecttype.md
  - docs/models/components/messagecontentimagefileobject.md
  - docs/models/components/annotations.md
  - docs/models/components/text.md
  - docs/models/components/messagecontenttextobjecttype.md
  - docs/models/components/messagecontenttextobject.md
  - docs/models/components/filecitation.md
  - docs/models/components/messagecontenttextannotationsfilecitationobjecttype.md
  - docs/models/components/messagecontenttextannotationsfilecitationobject.md
  - docs/models/components/filepath.md
  - docs/models/components/messagecontenttextannotationsfilepathobjecttype.md
  - docs/models/components/messagecontenttextannotationsfilepathobject.md
  - docs/models/components/createmessagerequestmetadata.md
  - docs/models/components/createmessagerequestrole.md
  - docs/models/components/createmessagerequest.md
  - docs/models/components/createrunrequestmetadata.md
  - docs/models/components/createrunrequesttools.md
  - docs/models/components/createrunrequest.md
  - docs/models/components/threadobjectmetadata.md
  - docs/models/components/threadobjectobject.md
  - docs/models/components/threadobject.md
  - docs/models/components/createthreadrequestmetadata.md
  - docs/models/components/createthreadrequest.md
  - docs/models/components/createthreadandrunrequestmetadata.md
  - docs/models/components/createthreadandrunrequesttools.md
  - docs/models/components/createthreadandrunrequest.md
  - docs/models/components/deleteassistantresponseobject.md
  - docs/models/components/deleteassistantresponse.md
  - docs/models/components/deleteassistantfileresponseobject.md
  - docs/models/components/deleteassistantfileresponse.md
  - docs/models/components/deletethreadresponseobject.md
  - docs/models/components/deletethreadresponse.md
  - docs/models/components/messagefileobjectobject.md
  - docs/models/components/messagefileobject.md
  - docs/models/components/runstepobjectcode.md
  - docs/models/components/runstepobjectlasterror.md
  - docs/models/components/runstepobjectmetadata.md
  - docs/models/components/runstepobjectobject.md
  - docs/models/components/runstepobjectstatus.md
  - docs/models/components/stepdetails.md
  - docs/models/components/runstepobjecttype.md
  - docs/models/components/runstepobject.md
  - docs/models/components/runstepcompletionusage.md
  - docs/models/components/messagecreation.md
  - docs/models/components/runstepdetailsmessagecreationobjecttype.md
  - docs/models/components/runstepdetailsmessagecreationobject.md
  - docs/models/components/toolcalls.md
  - docs/models/components/runstepdetailstoolcallsobjecttype.md
  - docs/models/components/runstepdetailstoolcallsobject.md
  - docs/models/components/outputs.md
  - docs/models/components/codeinterpreter.md
  - docs/models/components/runstepdetailstoolcallscodeobjecttype.md
  - docs/models/components/runstepdetailstoolcallscodeobject.md
  - docs/models/components/runstepdetailstoolcallscodeoutputlogsobjecttype.md
  - docs/models/components/runstepdetailstoolcallscodeoutputlogsobject.md
  - docs/models/components/runstepdetailstoolcallscodeoutputimageobjectimage.md
  - docs/models/components/runstepdetailstoolcallscodeoutputimageobjecttype.md
  - docs/models/components/runstepdetailstoolcallscodeoutputimageobject.md
  - docs/models/components/retrieval.md
  - docs/models/components/runstepdetailstoolcallsretrievalobjecttype.md
  - docs/models/components/runstepdetailstoolcallsretrievalobject.md
  - docs/models/components/runstepdetailstoolcallsfunctionobjectfunction.md
  - docs/models/components/runstepdetailstoolcallsfunctionobjecttype.md
  - docs/models/components/runstepdetailstoolcallsfunctionobject.md
  - docs/models/components/listassistantfilesresponse.md
  - docs/models/components/listassistantsresponse.md
  - docs/models/components/listmessagefilesresponse.md
  - docs/models/components/listmessagesresponse.md
  - docs/models/components/listrunstepsresponse.md
  - docs/models/components/listrunsresponse.md
  - docs/models/components/modifyassistantrequestmetadata.md
  - docs/models/components/modifyassistantrequesttools.md
  - docs/models/components/modifyassistantrequest.md
  - docs/models/components/modifymessagerequestmetadata.md
  - docs/models/components/modifymessagerequest.md
  - docs/models/components/modifyrunrequestmetadata.md
  - docs/models/components/modifyrunrequest.md
  - docs/models/components/modifythreadrequestmetadata.md
  - docs/models/components/modifythreadrequest.md
  - docs/models/components/tooloutputs.md
  - docs/models/components/submittooloutputsrunrequest.md
  - docs/models/components/createspeechrequest2.md
  - docs/models/components/createspeechrequestmodel.md
  - docs/models/components/createspeechrequestresponseformat.md
  - docs/models/components/voice.md
  - docs/models/components/createspeechrequest.md
  - docs/models/components/createtranscriptionresponse.md
  - docs/models/components/createtranscriptionrequestfile.md
  - docs/models/components/createtranscriptionrequest2.md
  - docs/models/components/createtranscriptionrequestmodel.md
  - docs/models/components/createtranscriptionrequestresponseformat.md
  - docs/models/components/createtranscriptionrequest.md
  - docs/models/components/createtranslationresponse.md
  - docs/models/components/createtranslationrequestfile.md
  - docs/models/components/createtranslationrequest2.md
  - docs/models/components/createtranslationrequestmodel.md
  - docs/models/components/createtranslationrequest.md
  - docs/models/components/finishreason.md
  - docs/models/components/logprobs.md
  - docs/models/components/choices.md
  - docs/models/components/createchatcompletionresponseobject.md
  - docs/models/components/createchatcompletionresponse.md
  - docs/models/components/completionusage.md
  - docs/models/components/chatcompletionresponsemessagefunctioncall.md
  - docs/models/components/chatcompletionresponsemessagerole.md
  - docs/models/components/chatcompletionresponsemessage.md
  - docs/models/components/function.md
  - docs/models/components/chatcompletionmessagetoolcalltype.md
  - docs/models/components/chatcompletionmessagetoolcall.md
  - docs/models/components/toplogprobs.md
  - docs/models/components/chatcompletiontokenlogprob.md
  - docs/models/components/createchatcompletionrequest1.md
  - docs/models/components/createchatcompletionrequestfunctioncall.md
  - docs/models/components/two.md
  - docs/models/components/createchatcompletionrequestmodel.md
  - docs/models/components/createchatcompletionrequesttype.md
  - docs/models/components/responseformat.md
  - docs/models/components/stop.md
  - docs/models/components/createchatcompletionrequest.md
  - docs/models/components/chatcompletiontooltype.md
  - docs/models/components/chatcompletiontool.md
  - docs/models/components/one.md
  - docs/models/components/chatcompletiontoolchoiceoption.md
  - docs/models/components/chatcompletionnamedtoolchoicefunction.md
  - docs/models/components/chatcompletionnamedtoolchoicetype.md
  - docs/models/components/chatcompletionnamedtoolchoice.md
  - docs/models/components/chatcompletionrequestmessage.md
  - docs/models/components/chatcompletionrequestsystemmessagerole.md
  - docs/models/components/chatcompletionrequestsystemmessage.md
  - docs/models/components/content.md
  - docs/models/components/chatcompletionrequestusermessagerole.md
  - docs/models/components/chatcompletionrequestusermessage.md
  - docs/models/components/chatcompletionrequestmessagecontentpart.md
  - docs/models/components/chatcompletionrequestmessagecontentparttexttype.md
  - docs/models/components/chatcompletionrequestmessagecontentparttext.md
  - docs/models/components/detail.md
  - docs/models/components/imageurl.md
  - docs/models/components/chatcompletionrequestmessagecontentpartimagetype.md
  - docs/models/components/chatcompletionrequestmessagecontentpartimage.md
  - docs/models/components/functioncall.md
  - docs/models/components/role.md
  - docs/models/components/chatcompletionrequestassistantmessage.md
  - docs/models/components/chatcompletionrequesttoolmessagerole.md
  - docs/models/components/chatcompletionrequesttoolmessage.md
  - docs/models/components/chatcompletionrequestfunctionmessagerole.md
  - docs/models/components/chatcompletionrequestfunctionmessage.md
  - docs/models/components/chatcompletionfunctions.md
  - docs/models/components/chatcompletionfunctioncalloption.md
  - docs/models/components/createcompletionresponsefinishreason.md
  - docs/models/components/createcompletionresponselogprobs.md
  - docs/models/components/createcompletionresponsechoices.md
  - docs/models/components/createcompletionresponseobject.md
  - docs/models/components/createcompletionresponse.md
  - docs/models/components/createcompletionrequest2.md
  - docs/models/components/createcompletionrequestmodel.md
  - docs/models/components/prompt.md
  - docs/models/components/createcompletionrequeststop.md
  - docs/models/components/createcompletionrequest.md
  - docs/models/components/createembeddingresponseobject.md
  - docs/models/components/usage.md
  - docs/models/components/createembeddingresponse.md
  - docs/models/components/embeddingobject.md
  - docs/models/components/embedding.md
  - docs/models/components/encodingformat.md
  - docs/models/components/input.md
  - docs/models/components/createembeddingrequest2.md
  - docs/models/components/createembeddingrequestmodel.md
  - docs/models/components/createembeddingrequest.md
  - docs/models/components/openaifileobject.md
  - docs/models/components/openaifilepurpose.md
  - docs/models/components/openaifilestatus.md
  - docs/models/components/openaifile.md
  - docs/models/components/file.md
  - docs/models/components/purpose.md
  - docs/models/components/createfilerequest.md
  - docs/models/components/deletefileresponseobject.md
  - docs/models/components/deletefileresponse.md
  - docs/models/components/listfilesresponseobject.md
  - docs/models/components/listfilesresponse.md
  - docs/models/components/error.md
  - docs/models/components/finetuningjob1.md
  - docs/models/components/finetuningjobnepochs.md
  - docs/models/components/finetuningjobhyperparameters.md
  - docs/models/components/finetuningjobobject.md
  - docs/models/components/status.md
  - docs/models/components/finetuningjob.md
  - docs/models/components/createfinetuningjobrequest1.md
  - docs/models/components/batchsize.md
  - docs/models/components/createfinetuningjobrequestschemas1.md
  - docs/models/components/learningratemultiplier.md
  - docs/models/components/createfinetuningjobrequestschemashyperparameters1.md
  - docs/models/components/nepochs.md
  - docs/models/components/hyperparameters.md
  - docs/models/components/createfinetuningjobrequest2.md
  - docs/models/components/createfinetuningjobrequestmodel.md
  - docs/models/components/createfinetuningjobrequest.md
  - docs/models/components/listfinetuningjobeventsresponseobject.md
  - docs/models/components/listfinetuningjobeventsresponse.md
  - docs/models/components/level.md
  - docs/models/components/finetuningjobeventobject.md
  - docs/models/components/finetuningjobevent.md
  - docs/models/components/listpaginatedfinetuningjobsresponseobject.md
  - docs/models/components/listpaginatedfinetuningjobsresponse.md
  - docs/models/components/imagesresponse.md
  - docs/models/components/image.md
  - docs/models/components/createimagerequest2.md
  - docs/models/components/createimagerequestmodel.md
  - docs/models/components/quality.md
  - docs/models/components/createimagerequestresponseformat.md
  - docs/models/components/createimagerequestsize.md
  - docs/models/components/style.md
  - docs/models/components/createimagerequest.md
  - docs/models/components/createimageeditrequestimage.md
  - docs/models/components/mask.md
  - docs/models/components/createimageeditrequest2.md
  - docs/models/components/createimageeditrequestmodel.md
  - docs/models/components/createimageeditrequestresponseformat.md
  - docs/models/components/size.md
  - docs/models/components/createimageeditrequest.md
  - docs/models/components/createimagevariationrequestimage.md
  - docs/models/components/createimagevariationrequest2.md
  - docs/models/components/createimagevariationrequestmodel.md
  - docs/models/components/createimagevariationrequestresponseformat.md
  - docs/models/components/createimagevariationrequestsize.md
  - docs/models/components/createimagevariationrequest.md
  - docs/models/components/deletemodelresponse.md
  - docs/models/components/listmodelsresponseobject.md
  - docs/models/components/listmodelsresponse.md
  - docs/models/components/modelobject.md
  - docs/models/components/model.md
  - docs/models/components/categories.md
  - docs/models/components/categoryscores.md
  - docs/models/components/results.md
  - docs/models/components/createmoderationresponse.md
  - docs/models/components/createmoderationrequestinput.md
  - docs/models/components/createmoderationrequest2.md
  - docs/models/components/createmoderationrequestmodel.md
  - docs/models/components/createmoderationrequest.md
  - docs/models/components/security.md
  - docs/sdks/gpt/README.md
  - docs/sdks/assistants/README.md
  - docs/sdks/audio/README.md
  - docs/sdks/chat/README.md
  - docs/sdks/completions/README.md
  - docs/sdks/embeddings/README.md
  - docs/sdks/files/README.md
  - docs/sdks/finetuning/README.md
  - docs/sdks/images/README.md
  - docs/sdks/models/README.md
  - docs/sdks/moderations/README.md
  - USAGE.md
  - .gitattributes
